
Microsoft Visual Studio Solution File, Format Version 12.00
# Visual Studio Version 17
VisualStudioVersion = 17.0.31903.59
MinimumVisualStudioVersion = 10.0.40219.1
Project("{9A19103F-16F7-4668-BE54-9A1E7A4F7556}") = "Weather.Temperature", "Weather.Temperature\Weather.Temperature.csproj", "{16A1A088-0D38-4F12-88A6-C9160F73F945}"
EndProject
Project("{9A19103F-16F7-4668-BE54-9A1E7A4F7556}") = "Weather.Report", "Weather.Report\Weather.Report.csproj", "{E6EE2668-16F9-4BEB-BE53-D9B6D191A6ED}"
EndProject
Project("{9A19103F-16F7-4668-BE54-9A1E7A4F7556}") = "Weather.Precipitation", "Weather.Precipitation\Weather.Precipitation.csproj", "{4F342DC3-DDB1-43EE-A1CA-17C11FA605F0}"
EndProject
Project("{9A19103F-16F7-4668-BE54-9A1E7A4F7556}") = "Weather.DataLoader", "Weather.DataLoader\Weather.DataLoader.csproj", "{15E16535-E518-4583-A443-7CB702684729}"
EndProject
Global
	GlobalSection(SolutionConfigurationPlatforms) = preSolution
		Debug|Any CPU = Debug|Any CPU
		Release|Any CPU = Release|Any CPU
	EndGlobalSection
	GlobalSection(ProjectConfigurationPlatforms) = postSolution
		{16A1A088-0D38-4F12-88A6-C9160F73F945}.Debug|Any CPU.ActiveCfg = Debug|Any CPU
		{16A1A088-0D38-4F12-88A6-C9160F73F945}.Debug|Any CPU.Build.0 = Debug|Any CPU
		{16A1A088-0D38-4F12-88A6-C9160F73F945}.Release|Any CPU.ActiveCfg = Release|Any CPU
		{16A1A088-0D38-4F12-88A6-C9160F73F945}.Release|Any CPU.Build.0 = Release|Any CPU
		{E6EE2668-16F9-4BEB-BE53-D9B6D191A6ED}.Debug|Any CPU.ActiveCfg = Debug|Any CPU
		{E6EE2668-16F9-4BEB-BE53-D9B6D191A6ED}.Debug|Any CPU.Build.0 = Debug|Any CPU
		{E6EE2668-16F9-4BEB-BE53-D9B6D191A6ED}.Release|Any CPU.ActiveCfg = Release|Any CPU
		{E6EE2668-16F9-4BEB-BE53-D9B6D191A6ED}.Release|Any CPU.Build.0 = Release|Any CPU
		{4F342DC3-DDB1-43EE-A1CA-17C11FA605F0}.Debug|Any CPU.ActiveCfg = Debug|Any CPU
		{4F342DC3-DDB1-43EE-A1CA-17C11FA605F0}.Debug|Any CPU.Build.0 = Debug|Any CPU
		{4F342DC3-DDB1-43EE-A1CA-17C11FA605F0}.Release|Any CPU.ActiveCfg = Release|Any CPU
		{4F342DC3-DDB1-43EE-A1CA-17C11FA605F0}.Release|Any CPU.Build.0 = Release|Any CPU
		{15E16535-E518-4583-A443-7CB702684729}.Debug|Any CPU.ActiveCfg = Debug|Any CPU
		{15E16535-E518-4583-A443-7CB702684729}.Debug|Any CPU.Build.0 = Debug|Any CPU
		{15E16535-E518-4583-A443-7CB702684729}.Release|Any CPU.ActiveCfg = Release|Any CPU
		{15E16535-E518-4583-A443-7CB702684729}.Release|Any CPU.Build.0 = Release|Any CPU
	EndGlobalSection
	GlobalSection(SolutionProperties) = preSolution
		HideSolutionNode = FALSE
	EndGlobalSection
EndGlobal
